<?xml version="1.0" encoding="utf-8"?>
<Project ToolsVersion="4.0" xmlns="http://schemas.microsoft.com/developer/msbuild/2003">
  <ItemGroup>
    <Filter Include="源文件">
      <UniqueIdentifier>{4FC737F1-C7A5-4376-A066-2A32D752A2FF}</UniqueIdentifier>
      <Extensions>cpp;c;cc;cxx;c++;cppm;ixx;def;odl;idl;hpj;bat;asm;asmx</Extensions>
    </Filter>
    <Filter Include="头文件">
      <UniqueIdentifier>{93995380-89BD-4b04-88EB-625FBE52EBFB}</UniqueIdentifier>
      <Extensions>h;hh;hpp;hxx;h++;hm;inl;inc;ipp;xsd</Extensions>
    </Filter>
    <Filter Include="资源文件">
      <UniqueIdentifier>{67DA6AB6-F800-4c08-8B7A-83BB121AAD01}</UniqueIdentifier>
      <Extensions>rc;ico;cur;bmp;dlg;rc2;rct;bin;rgs;gif;jpg;jpeg;jpe;resx;tiff;tif;png;wav;mfcribbon-ms</Extensions>
    </Filter>
    <Filter Include="头文件\chi2inv">
      <UniqueIdentifier>{d65bec3b-41cc-4e34-90d9-39f9f4ab1b6a}</UniqueIdentifier>
    </Filter>
    <Filter Include="头文件\conv">
      <UniqueIdentifier>{19c40abe-08d9-4f8b-bd74-c6d927399ceb}</UniqueIdentifier>
    </Filter>
    <Filter Include="头文件\ipda">
      <UniqueIdentifier>{035ef12d-f5d9-4f46-9252-7bb863222183}</UniqueIdentifier>
    </Filter>
    <Filter Include="头文件\sen">
      <UniqueIdentifier>{b77ac274-3a12-4650-9354-17ef5b370a8b}</UniqueIdentifier>
    </Filter>
    <Filter Include="头文件\randseed">
      <UniqueIdentifier>{c7273c38-2a33-4449-91b1-1c2a167b988a}</UniqueIdentifier>
    </Filter>
  </ItemGroup>
  <ItemGroup>
    <ClInclude Include="chi2inv.h">
      <Filter>头文件\chi2inv</Filter>
    </ClInclude>
    <ClInclude Include="xyraconv.h">
      <Filter>头文件\conv</Filter>
    </ClInclude>
    <ClInclude Include="xyraconv2.h">
      <Filter>头文件\conv</Filter>
    </ClInclude>
    <ClInclude Include="xyraconv3.h">
      <Filter>头文件\conv</Filter>
    </ClInclude>
    <ClInclude Include="xyraconv4.h">
      <Filter>头文件\conv</Filter>
    </ClInclude>
    <ClInclude Include="xyraconvert.h">
      <Filter>头文件\conv</Filter>
    </ClInclude>
    <ClInclude Include="calcdis.h">
      <Filter>头文件\ipda</Filter>
    </ClInclude>
    <ClInclude Include="IPDA.h">
      <Filter>头文件\ipda</Filter>
    </ClInclude>
    <ClInclude Include="likelihood.h">
      <Filter>头文件\ipda</Filter>
    </ClInclude>
    <ClInclude Include="randseed.h">
      <Filter>头文件\randseed</Filter>
    </ClInclude>
    <ClInclude Include="randseed2.h">
      <Filter>头文件\randseed</Filter>
    </ClInclude>
    <ClInclude Include="randseed3.h">
      <Filter>头文件\randseed</Filter>
    </ClInclude>
    <ClInclude Include="Sen.h">
      <Filter>头文件\sen</Filter>
    </ClInclude>
    <ClInclude Include="senpara.h">
      <Filter>头文件\sen</Filter>
    </ClInclude>
    <ClInclude Include="EKF.h">
      <Filter>头文件</Filter>
    </ClInclude>
    <ClInclude Include="GenTar.h">
      <Filter>头文件</Filter>
    </ClInclude>
    <ClInclude Include="initpara.h">
      <Filter>头文件</Filter>
    </ClInclude>
    <ClInclude Include="model.h">
      <Filter>头文件</Filter>
    </ClInclude>
    <ClInclude Include="runs.h">
      <Filter>头文件</Filter>
    </ClInclude>
  </ItemGroup>
  <ItemGroup>
    <ClCompile Include="EKF.cpp">
      <Filter>源文件</Filter>
    </ClCompile>
    <ClCompile Include="GenTar.cpp">
      <Filter>源文件</Filter>
    </ClCompile>
    <ClCompile Include="IPDA.cpp">
      <Filter>源文件</Filter>
    </ClCompile>
    <ClCompile Include="main.cpp">
      <Filter>源文件</Filter>
    </ClCompile>
    <ClCompile Include="model.cpp">
      <Filter>源文件</Filter>
    </ClCompile>
    <ClCompile Include="runs.cpp">
      <Filter>源文件</Filter>
    </ClCompile>
    <ClCompile Include="Sen.cpp">
      <Filter>源文件</Filter>
    </ClCompile>
  </ItemGroup>
</Project>